// !$*UTF8*$!
{
	archiveVersion = 1;
	classes = {
	};
	objectVersion = 56;
	objects = {

/* Begin PBXBuildFile section */
		8F7BFC5A2406194B69CB2FA0 /* Pods_Studios.framework in Frameworks */ = {isa = PBXBuildFile; fileRef = 52318DDE97DFA9543EF9AC75 /* Pods_Studios.framework */; };
		B90871E02998175900247729 /* RegistrationUserViewController.swift in Sources */ = {isa = PBXBuildFile; fileRef = B90871DE2998175900247729 /* RegistrationUserViewController.swift */; };
		B90871E12998175900247729 /* RegistrationUserViewController.xib in Resources */ = {isa = PBXBuildFile; fileRef = B90871DF2998175900247729 /* RegistrationUserViewController.xib */; };
		B90871E3299824F500247729 /* UIViewController+Extension.swift in Sources */ = {isa = PBXBuildFile; fileRef = B90871E2299824F500247729 /* UIViewController+Extension.swift */; };
		B90871E729982F7F00247729 /* ProfileEditViewController.swift in Sources */ = {isa = PBXBuildFile; fileRef = B90871E529982F7F00247729 /* ProfileEditViewController.swift */; };
		B90871E829982F7F00247729 /* ProfileEditViewController.xib in Resources */ = {isa = PBXBuildFile; fileRef = B90871E629982F7F00247729 /* ProfileEditViewController.xib */; };
		B90D38FF2922B23000F77AF8 /* StudioInfoController.swift in Sources */ = {isa = PBXBuildFile; fileRef = B90D38FD2922B23000F77AF8 /* StudioInfoController.swift */; };
		B90D39002922B23000F77AF8 /* StudioInfoController.xib in Resources */ = {isa = PBXBuildFile; fileRef = B90D38FE2922B23000F77AF8 /* StudioInfoController.xib */; };
		B9245A78298BC31C000C5823 /* CalendarCellTypeEnum.swift in Sources */ = {isa = PBXBuildFile; fileRef = B9245A77298BC31C000C5823 /* CalendarCellTypeEnum.swift */; };
		B94008CB299A5EED00172E01 /* ResetPasswordViewController.swift in Sources */ = {isa = PBXBuildFile; fileRef = B94008C9299A5EED00172E01 /* ResetPasswordViewController.swift */; };
		B94008CC299A5EED00172E01 /* ResetPasswordViewController.xib in Resources */ = {isa = PBXBuildFile; fileRef = B94008CA299A5EED00172E01 /* ResetPasswordViewController.xib */; };
		B94008CE299BB23700172E01 /* AuthErrosCode+FirebaseExtension.swift in Sources */ = {isa = PBXBuildFile; fileRef = B94008CD299BB23700172E01 /* AuthErrosCode+FirebaseExtension.swift */; };
		B9442C962977E97A00CEDEA6 /* BookingConfirmController.swift in Sources */ = {isa = PBXBuildFile; fileRef = B9442C942977E97A00CEDEA6 /* BookingConfirmController.swift */; };
		B9442C972977E97A00CEDEA6 /* BookingConfirmController.xib in Resources */ = {isa = PBXBuildFile; fileRef = B9442C952977E97A00CEDEA6 /* BookingConfirmController.xib */; };
		B949AFE7295433F300025011 /* UIView+Extension.swift in Sources */ = {isa = PBXBuildFile; fileRef = B949AFE6295433F300025011 /* UIView+Extension.swift */; };
		B94D86882997BD150033F2B4 /* ProfileViewController.swift in Sources */ = {isa = PBXBuildFile; fileRef = B94D86862997BD150033F2B4 /* ProfileViewController.swift */; };
		B94D86892997BD150033F2B4 /* ProfileViewController.xib in Resources */ = {isa = PBXBuildFile; fileRef = B94D86872997BD150033F2B4 /* ProfileViewController.xib */; };
		B951EBFC297551C90076EB67 /* HorizontalCalendar.swift in Sources */ = {isa = PBXBuildFile; fileRef = B951EBFB297551C90076EB67 /* HorizontalCalendar.swift */; };
		B951EBFF297551EE0076EB67 /* HorizontalCalendar.xib in Resources */ = {isa = PBXBuildFile; fileRef = B951EBFE297551EE0076EB67 /* HorizontalCalendar.xib */; };
		B951EC0B2975A72F0076EB67 /* CalendarCell.swift in Sources */ = {isa = PBXBuildFile; fileRef = B951EC092975A72F0076EB67 /* CalendarCell.swift */; };
		B951EC0C2975A72F0076EB67 /* CalendarCell.xib in Resources */ = {isa = PBXBuildFile; fileRef = B951EC0A2975A72F0076EB67 /* CalendarCell.xib */; };
		B958E83829212EA400F2059A /* Service.swift in Sources */ = {isa = PBXBuildFile; fileRef = B958E83729212EA300F2059A /* Service.swift */; };
		B962ABA2299514B20053F1AB /* StringOpt+Extension.swift in Sources */ = {isa = PBXBuildFile; fileRef = B962ABA1299514B20053F1AB /* StringOpt+Extension.swift */; };
		B9678D98295A2D3B002CFE75 /* HoursCell.swift in Sources */ = {isa = PBXBuildFile; fileRef = B9678D96295A2D3B002CFE75 /* HoursCell.swift */; };
		B9678D99295A2D3B002CFE75 /* HoursCell.xib in Resources */ = {isa = PBXBuildFile; fileRef = B9678D97295A2D3B002CFE75 /* HoursCell.xib */; };
		B972AB872951C6170025683F /* TabBarEnum.swift in Sources */ = {isa = PBXBuildFile; fileRef = B972AB862951C6170025683F /* TabBarEnum.swift */; };
		B972AB892951CCF60025683F /* TabBarController.swift in Sources */ = {isa = PBXBuildFile; fileRef = B972AB882951CCF60025683F /* TabBarController.swift */; };
		B972AB8E2951D6B30025683F /* SnapKit in Frameworks */ = {isa = PBXBuildFile; productRef = B972AB8D2951D6B30025683F /* SnapKit */; };
		B972CBF1297E916D00FBFCFD /* ArrayInt+Extension.swift in Sources */ = {isa = PBXBuildFile; fileRef = B972CBF0297E916D00FBFCFD /* ArrayInt+Extension.swift */; };
		B972CBF4297E97E500FBFCFD /* SelectionTypeEnum.swift in Sources */ = {isa = PBXBuildFile; fileRef = B972CBF3297E97E500FBFCFD /* SelectionTypeEnum.swift */; };
		B97A7A65292B9B750025F310 /* PhotoCell.swift in Sources */ = {isa = PBXBuildFile; fileRef = B97A7A63292B9B750025F310 /* PhotoCell.swift */; };
		B97A7A66292B9B750025F310 /* PhotoCell.xib in Resources */ = {isa = PBXBuildFile; fileRef = B97A7A64292B9B750025F310 /* PhotoCell.xib */; };
		B9916B902976B57E00C0A0CF /* SectionHeader.swift in Sources */ = {isa = PBXBuildFile; fileRef = B9916B8E2976B57E00C0A0CF /* SectionHeader.swift */; };
		B9916B912976B57E00C0A0CF /* SectionHeader.xib in Resources */ = {isa = PBXBuildFile; fileRef = B9916B8F2976B57E00C0A0CF /* SectionHeader.xib */; };
		B99E0D87295E689300E4204B /* FlexView.xib in Resources */ = {isa = PBXBuildFile; fileRef = B99E0D86295E689300E4204B /* FlexView.xib */; };
		B99E0D89295E689D00E4204B /* FlexView.swift in Sources */ = {isa = PBXBuildFile; fileRef = B99E0D88295E689D00E4204B /* FlexView.swift */; };
		B9A36FC5292CF4ED009825F9 /* InfoViewController.swift in Sources */ = {isa = PBXBuildFile; fileRef = B9A36FC3292CF4ED009825F9 /* InfoViewController.swift */; };
		B9A36FC6292CF4ED009825F9 /* InfoViewController.xib in Resources */ = {isa = PBXBuildFile; fileRef = B9A36FC4292CF4ED009825F9 /* InfoViewController.xib */; };
		B9B43FE029950DC0003A073D /* LoginViewController.swift in Sources */ = {isa = PBXBuildFile; fileRef = B9B43FDE29950DC0003A073D /* LoginViewController.swift */; };
		B9B43FE129950DC0003A073D /* LoginViewController.xib in Resources */ = {isa = PBXBuildFile; fileRef = B9B43FDF29950DC0003A073D /* LoginViewController.xib */; };
		B9C63E772933BC0A00754496 /* StudioReviewAPI.swift in Sources */ = {isa = PBXBuildFile; fileRef = B9C63E762933BC0A00754496 /* StudioReviewAPI.swift */; };
		B9C63E792933BED900754496 /* StudioReviewModel.swift in Sources */ = {isa = PBXBuildFile; fileRef = B9C63E782933BED900754496 /* StudioReviewModel.swift */; };
		B9C63E7B2933C0D900754496 /* StudioReviewProvider.swift in Sources */ = {isa = PBXBuildFile; fileRef = B9C63E7A2933C0D900754496 /* StudioReviewProvider.swift */; };
		B9C63E7E2933C26C00754496 /* ReviewTableController.swift in Sources */ = {isa = PBXBuildFile; fileRef = B9C63E7C2933C26C00754496 /* ReviewTableController.swift */; };
		B9C63E7F2933C26C00754496 /* ReviewTableController.xib in Resources */ = {isa = PBXBuildFile; fileRef = B9C63E7D2933C26C00754496 /* ReviewTableController.xib */; };
		B9C63E872933C2C600754496 /* ReviewCell.swift in Sources */ = {isa = PBXBuildFile; fileRef = B9C63E852933C2C600754496 /* ReviewCell.swift */; };
		B9C63E882933C2C600754496 /* ReviewCell.xib in Resources */ = {isa = PBXBuildFile; fileRef = B9C63E862933C2C600754496 /* ReviewCell.xib */; };
		B9DC2C032941CE22009EEE43 /* TestController.swift in Sources */ = {isa = PBXBuildFile; fileRef = B9DC2C012941CE22009EEE43 /* TestController.swift */; };
		B9DC2C042941CE22009EEE43 /* TestController.xib in Resources */ = {isa = PBXBuildFile; fileRef = B9DC2C022941CE22009EEE43 /* TestController.xib */; };
		B9DD0129297C4BCC007C266D /* String+Extension.swift in Sources */ = {isa = PBXBuildFile; fileRef = B9DD0128297C4BCC007C266D /* String+Extension.swift */; };
		B9DD012B297C6870007C266D /* UIImage+Extension.swift in Sources */ = {isa = PBXBuildFile; fileRef = B9DD012A297C6870007C266D /* UIImage+Extension.swift */; };
		B9DD012F297C8E84007C266D /* ValidationType.swift in Sources */ = {isa = PBXBuildFile; fileRef = B9DD012E297C8E84007C266D /* ValidationType.swift */; };
		B9DD0131297C97CF007C266D /* UITextField+Extension.swift in Sources */ = {isa = PBXBuildFile; fileRef = B9DD0130297C97CF007C266D /* UITextField+Extension.swift */; };
		B9DD013A297CB7C5007C266D /* FirebaseReferenceEnum.swift in Sources */ = {isa = PBXBuildFile; fileRef = B9DD0139297CB7C5007C266D /* FirebaseReferenceEnum.swift */; };
		B9DD0140297CDBC1007C266D /* Alerts.swift in Sources */ = {isa = PBXBuildFile; fileRef = B9DD013F297CDBC1007C266D /* Alerts.swift */; };
		B9E0F1CA2987B1680087A48A /* LikedStudiosViewController.swift in Sources */ = {isa = PBXBuildFile; fileRef = B9E0F1C82987B1680087A48A /* LikedStudiosViewController.swift */; };
		B9E0F1CB2987B1680087A48A /* LikedStudiosViewController.xib in Resources */ = {isa = PBXBuildFile; fileRef = B9E0F1C92987B1680087A48A /* LikedStudiosViewController.xib */; };
		B9E0F1CD2987B3D70087A48A /* FirebaseLikedStudioModel.swift in Sources */ = {isa = PBXBuildFile; fileRef = B9E0F1CC2987B3D70087A48A /* FirebaseLikedStudioModel.swift */; };
		B9E0F1D12988079F0087A48A /* LikedStudioCell.swift in Sources */ = {isa = PBXBuildFile; fileRef = B9E0F1CF2988079F0087A48A /* LikedStudioCell.swift */; };
		B9E0F1D22988079F0087A48A /* LikedStudioCell.xib in Resources */ = {isa = PBXBuildFile; fileRef = B9E0F1D02988079F0087A48A /* LikedStudioCell.xib */; };
		B9E0F1D729880D3F0087A48A /* GetStudiosApi.swift in Sources */ = {isa = PBXBuildFile; fileRef = B9E0F1D629880D3F0087A48A /* GetStudiosApi.swift */; };
		B9EFC27E297F282500FF7291 /* GoogleService-Info.plist in Resources */ = {isa = PBXBuildFile; fileRef = B9EFC27D297F282500FF7291 /* GoogleService-Info.plist */; };
		B9F08DA929478CF20059614C /* BookingStudioController.swift in Sources */ = {isa = PBXBuildFile; fileRef = B9F08DA729478CF20059614C /* BookingStudioController.swift */; };
		B9F08DAA29478CF20059614C /* BookingStudioController.xib in Resources */ = {isa = PBXBuildFile; fileRef = B9F08DA829478CF20059614C /* BookingStudioController.xib */; };
		B9F08DAD294793890059614C /* FirebaseUserModel.swift in Sources */ = {isa = PBXBuildFile; fileRef = B9F08DAC294793890059614C /* FirebaseUserModel.swift */; };
		B9F08DB029479CF30059614C /* Environment.swift in Sources */ = {isa = PBXBuildFile; fileRef = B9F08DAF29479CF30059614C /* Environment.swift */; };
		B9F44DD62994369900A7D5B0 /* BookingStudioControllerTypeEnum.swift in Sources */ = {isa = PBXBuildFile; fileRef = B9F44DD52994369900A7D5B0 /* BookingStudioControllerTypeEnum.swift */; };
		B9FA0411295E19A50097DF24 /* FirebaseBookingModel.swift in Sources */ = {isa = PBXBuildFile; fileRef = B9FA0410295E19A50097DF24 /* FirebaseBookingModel.swift */; };
		B9FA0415295E204E0097DF24 /* BookingHistoryController.swift in Sources */ = {isa = PBXBuildFile; fileRef = B9FA0413295E204E0097DF24 /* BookingHistoryController.swift */; };
		B9FA0416295E204E0097DF24 /* BookingHistoryController.xib in Resources */ = {isa = PBXBuildFile; fileRef = B9FA0414295E204E0097DF24 /* BookingHistoryController.xib */; };
		B9FA0419295E21590097DF24 /* FirebaseProvider.swift in Sources */ = {isa = PBXBuildFile; fileRef = B9FA0418295E21590097DF24 /* FirebaseProvider.swift */; };
		B9FA041D295E2AB80097DF24 /* BookingCell.swift in Sources */ = {isa = PBXBuildFile; fileRef = B9FA041B295E2AB80097DF24 /* BookingCell.swift */; };
		B9FA041E295E2AB80097DF24 /* BookingCell.xib in Resources */ = {isa = PBXBuildFile; fileRef = B9FA041C295E2AB80097DF24 /* BookingCell.xib */; };
		B9FA0420295E2FD50097DF24 /* DateFormatter+Extension.swift in Sources */ = {isa = PBXBuildFile; fileRef = B9FA041F295E2FD50097DF24 /* DateFormatter+Extension.swift */; };
		B9FA042D295E47190097DF24 /* Delegates.swift in Sources */ = {isa = PBXBuildFile; fileRef = B9FA042C295E47190097DF24 /* Delegates.swift */; };
		B9FA0430295E47520097DF24 /* FlexibleViewTypes.swift in Sources */ = {isa = PBXBuildFile; fileRef = B9FA042F295E47520097DF24 /* FlexibleViewTypes.swift */; };
		B9FABB0A291A5E3500232D9C /* AppDelegate.swift in Sources */ = {isa = PBXBuildFile; fileRef = B9FABB09291A5E3500232D9C /* AppDelegate.swift */; };
		B9FABB0C291A5E3500232D9C /* SceneDelegate.swift in Sources */ = {isa = PBXBuildFile; fileRef = B9FABB0B291A5E3500232D9C /* SceneDelegate.swift */; };
		B9FABB0E291A5E3500232D9C /* MapController.swift in Sources */ = {isa = PBXBuildFile; fileRef = B9FABB0D291A5E3500232D9C /* MapController.swift */; };
		B9FABB11291A5E3500232D9C /* Main.storyboard in Resources */ = {isa = PBXBuildFile; fileRef = B9FABB0F291A5E3500232D9C /* Main.storyboard */; };
		B9FABB13291A5E3700232D9C /* Assets.xcassets in Resources */ = {isa = PBXBuildFile; fileRef = B9FABB12291A5E3700232D9C /* Assets.xcassets */; };
		B9FABB16291A5E3700232D9C /* LaunchScreen.storyboard in Resources */ = {isa = PBXBuildFile; fileRef = B9FABB14291A5E3700232D9C /* LaunchScreen.storyboard */; };
		B9FABB60291B112000232D9C /* SSPLace.swift in Sources */ = {isa = PBXBuildFile; fileRef = B9FABB5F291B112000232D9C /* SSPLace.swift */; };
		B9FABB6E291BD47C00232D9C /* RealmSwift.swift in Sources */ = {isa = PBXBuildFile; fileRef = B9FABB6D291BD47C00232D9C /* RealmSwift.swift */; };
/* End PBXBuildFile section */

/* Begin PBXFileReference section */
		52318DDE97DFA9543EF9AC75 /* Pods_Studios.framework */ = {isa = PBXFileReference; explicitFileType = wrapper.framework; includeInIndex = 0; path = Pods_Studios.framework; sourceTree = BUILT_PRODUCTS_DIR; };
		5E2CADCA7624B814E168AFB0 /* Pods-Studios.debug.xcconfig */ = {isa = PBXFileReference; includeInIndex = 1; lastKnownFileType = text.xcconfig; name = "Pods-Studios.debug.xcconfig"; path = "Target Support Files/Pods-Studios/Pods-Studios.debug.xcconfig"; sourceTree = "<group>"; };
		B90871DE2998175900247729 /* RegistrationUserViewController.swift */ = {isa = PBXFileReference; lastKnownFileType = sourcecode.swift; path = RegistrationUserViewController.swift; sourceTree = "<group>"; };
		B90871DF2998175900247729 /* RegistrationUserViewController.xib */ = {isa = PBXFileReference; lastKnownFileType = file.xib; path = RegistrationUserViewController.xib; sourceTree = "<group>"; };
		B90871E2299824F500247729 /* UIViewController+Extension.swift */ = {isa = PBXFileReference; lastKnownFileType = sourcecode.swift; path = "UIViewController+Extension.swift"; sourceTree = "<group>"; };
		B90871E529982F7F00247729 /* ProfileEditViewController.swift */ = {isa = PBXFileReference; lastKnownFileType = sourcecode.swift; path = ProfileEditViewController.swift; sourceTree = "<group>"; };
		B90871E629982F7F00247729 /* ProfileEditViewController.xib */ = {isa = PBXFileReference; lastKnownFileType = file.xib; path = ProfileEditViewController.xib; sourceTree = "<group>"; };
		B90D38FD2922B23000F77AF8 /* StudioInfoController.swift */ = {isa = PBXFileReference; lastKnownFileType = sourcecode.swift; path = StudioInfoController.swift; sourceTree = "<group>"; };
		B90D38FE2922B23000F77AF8 /* StudioInfoController.xib */ = {isa = PBXFileReference; lastKnownFileType = file.xib; path = StudioInfoController.xib; sourceTree = "<group>"; };
		B9245A77298BC31C000C5823 /* CalendarCellTypeEnum.swift */ = {isa = PBXFileReference; lastKnownFileType = sourcecode.swift; path = CalendarCellTypeEnum.swift; sourceTree = "<group>"; };
		B94008C9299A5EED00172E01 /* ResetPasswordViewController.swift */ = {isa = PBXFileReference; lastKnownFileType = sourcecode.swift; path = ResetPasswordViewController.swift; sourceTree = "<group>"; };
		B94008CA299A5EED00172E01 /* ResetPasswordViewController.xib */ = {isa = PBXFileReference; lastKnownFileType = file.xib; path = ResetPasswordViewController.xib; sourceTree = "<group>"; };
		B94008CD299BB23700172E01 /* AuthErrosCode+FirebaseExtension.swift */ = {isa = PBXFileReference; lastKnownFileType = sourcecode.swift; path = "AuthErrosCode+FirebaseExtension.swift"; sourceTree = "<group>"; };
		B9442C942977E97A00CEDEA6 /* BookingConfirmController.swift */ = {isa = PBXFileReference; lastKnownFileType = sourcecode.swift; path = BookingConfirmController.swift; sourceTree = "<group>"; };
		B9442C952977E97A00CEDEA6 /* BookingConfirmController.xib */ = {isa = PBXFileReference; lastKnownFileType = file.xib; path = BookingConfirmController.xib; sourceTree = "<group>"; };
		B949AFE6295433F300025011 /* UIView+Extension.swift */ = {isa = PBXFileReference; lastKnownFileType = sourcecode.swift; path = "UIView+Extension.swift"; sourceTree = "<group>"; };
		B94D86862997BD150033F2B4 /* ProfileViewController.swift */ = {isa = PBXFileReference; lastKnownFileType = sourcecode.swift; path = ProfileViewController.swift; sourceTree = "<group>"; };
		B94D86872997BD150033F2B4 /* ProfileViewController.xib */ = {isa = PBXFileReference; lastKnownFileType = file.xib; path = ProfileViewController.xib; sourceTree = "<group>"; };
		B951EBFB297551C90076EB67 /* HorizontalCalendar.swift */ = {isa = PBXFileReference; lastKnownFileType = sourcecode.swift; path = HorizontalCalendar.swift; sourceTree = "<group>"; };
		B951EBFE297551EE0076EB67 /* HorizontalCalendar.xib */ = {isa = PBXFileReference; lastKnownFileType = file.xib; path = HorizontalCalendar.xib; sourceTree = "<group>"; };
		B951EC092975A72F0076EB67 /* CalendarCell.swift */ = {isa = PBXFileReference; lastKnownFileType = sourcecode.swift; path = CalendarCell.swift; sourceTree = "<group>"; };
		B951EC0A2975A72F0076EB67 /* CalendarCell.xib */ = {isa = PBXFileReference; lastKnownFileType = file.xib; path = CalendarCell.xib; sourceTree = "<group>"; };
		B958E83729212EA300F2059A /* Service.swift */ = {isa = PBXFileReference; lastKnownFileType = sourcecode.swift; path = Service.swift; sourceTree = "<group>"; };
		B962ABA1299514B20053F1AB /* StringOpt+Extension.swift */ = {isa = PBXFileReference; lastKnownFileType = sourcecode.swift; path = "StringOpt+Extension.swift"; sourceTree = "<group>"; };
		B9678D96295A2D3B002CFE75 /* HoursCell.swift */ = {isa = PBXFileReference; lastKnownFileType = sourcecode.swift; path = HoursCell.swift; sourceTree = "<group>"; };
		B9678D97295A2D3B002CFE75 /* HoursCell.xib */ = {isa = PBXFileReference; lastKnownFileType = file.xib; path = HoursCell.xib; sourceTree = "<group>"; };
		B972AB862951C6170025683F /* TabBarEnum.swift */ = {isa = PBXFileReference; lastKnownFileType = sourcecode.swift; path = TabBarEnum.swift; sourceTree = "<group>"; };
		B972AB882951CCF60025683F /* TabBarController.swift */ = {isa = PBXFileReference; lastKnownFileType = sourcecode.swift; path = TabBarController.swift; sourceTree = "<group>"; };
		B972CBF0297E916D00FBFCFD /* ArrayInt+Extension.swift */ = {isa = PBXFileReference; lastKnownFileType = sourcecode.swift; path = "ArrayInt+Extension.swift"; sourceTree = "<group>"; };
		B972CBF3297E97E500FBFCFD /* SelectionTypeEnum.swift */ = {isa = PBXFileReference; lastKnownFileType = sourcecode.swift; path = SelectionTypeEnum.swift; sourceTree = "<group>"; };
		B97A7A63292B9B750025F310 /* PhotoCell.swift */ = {isa = PBXFileReference; lastKnownFileType = sourcecode.swift; path = PhotoCell.swift; sourceTree = "<group>"; };
		B97A7A64292B9B750025F310 /* PhotoCell.xib */ = {isa = PBXFileReference; lastKnownFileType = file.xib; path = PhotoCell.xib; sourceTree = "<group>"; };
		B9916B8E2976B57E00C0A0CF /* SectionHeader.swift */ = {isa = PBXFileReference; lastKnownFileType = sourcecode.swift; path = SectionHeader.swift; sourceTree = "<group>"; };
		B9916B8F2976B57E00C0A0CF /* SectionHeader.xib */ = {isa = PBXFileReference; lastKnownFileType = file.xib; path = SectionHeader.xib; sourceTree = "<group>"; };
		B99E0D86295E689300E4204B /* FlexView.xib */ = {isa = PBXFileReference; lastKnownFileType = file.xib; path = FlexView.xib; sourceTree = "<group>"; };
		B99E0D88295E689D00E4204B /* FlexView.swift */ = {isa = PBXFileReference; lastKnownFileType = sourcecode.swift; path = FlexView.swift; sourceTree = "<group>"; };
		B9A36FC3292CF4ED009825F9 /* InfoViewController.swift */ = {isa = PBXFileReference; lastKnownFileType = sourcecode.swift; path = InfoViewController.swift; sourceTree = "<group>"; };
		B9A36FC4292CF4ED009825F9 /* InfoViewController.xib */ = {isa = PBXFileReference; lastKnownFileType = file.xib; path = InfoViewController.xib; sourceTree = "<group>"; };
		B9B43FDE29950DC0003A073D /* LoginViewController.swift */ = {isa = PBXFileReference; lastKnownFileType = sourcecode.swift; path = LoginViewController.swift; sourceTree = "<group>"; };
		B9B43FDF29950DC0003A073D /* LoginViewController.xib */ = {isa = PBXFileReference; lastKnownFileType = file.xib; path = LoginViewController.xib; sourceTree = "<group>"; };
		B9C63E762933BC0A00754496 /* StudioReviewAPI.swift */ = {isa = PBXFileReference; lastKnownFileType = sourcecode.swift; path = StudioReviewAPI.swift; sourceTree = "<group>"; };
		B9C63E782933BED900754496 /* StudioReviewModel.swift */ = {isa = PBXFileReference; lastKnownFileType = sourcecode.swift; path = StudioReviewModel.swift; sourceTree = "<group>"; };
		B9C63E7A2933C0D900754496 /* StudioReviewProvider.swift */ = {isa = PBXFileReference; lastKnownFileType = sourcecode.swift; path = StudioReviewProvider.swift; sourceTree = "<group>"; };
		B9C63E7C2933C26C00754496 /* ReviewTableController.swift */ = {isa = PBXFileReference; lastKnownFileType = sourcecode.swift; path = ReviewTableController.swift; sourceTree = "<group>"; };
		B9C63E7D2933C26C00754496 /* ReviewTableController.xib */ = {isa = PBXFileReference; lastKnownFileType = file.xib; path = ReviewTableController.xib; sourceTree = "<group>"; };
		B9C63E852933C2C600754496 /* ReviewCell.swift */ = {isa = PBXFileReference; lastKnownFileType = sourcecode.swift; path = ReviewCell.swift; sourceTree = "<group>"; };
		B9C63E862933C2C600754496 /* ReviewCell.xib */ = {isa = PBXFileReference; lastKnownFileType = file.xib; path = ReviewCell.xib; sourceTree = "<group>"; };
		B9DC2C012941CE22009EEE43 /* TestController.swift */ = {isa = PBXFileReference; lastKnownFileType = sourcecode.swift; path = TestController.swift; sourceTree = "<group>"; };
		B9DC2C022941CE22009EEE43 /* TestController.xib */ = {isa = PBXFileReference; lastKnownFileType = file.xib; path = TestController.xib; sourceTree = "<group>"; };
		B9DD0128297C4BCC007C266D /* String+Extension.swift */ = {isa = PBXFileReference; lastKnownFileType = sourcecode.swift; path = "String+Extension.swift"; sourceTree = "<group>"; };
		B9DD012A297C6870007C266D /* UIImage+Extension.swift */ = {isa = PBXFileReference; lastKnownFileType = sourcecode.swift; path = "UIImage+Extension.swift"; sourceTree = "<group>"; };
		B9DD012E297C8E84007C266D /* ValidationType.swift */ = {isa = PBXFileReference; lastKnownFileType = sourcecode.swift; path = ValidationType.swift; sourceTree = "<group>"; };
		B9DD0130297C97CF007C266D /* UITextField+Extension.swift */ = {isa = PBXFileReference; lastKnownFileType = sourcecode.swift; path = "UITextField+Extension.swift"; sourceTree = "<group>"; };
		B9DD0139297CB7C5007C266D /* FirebaseReferenceEnum.swift */ = {isa = PBXFileReference; lastKnownFileType = sourcecode.swift; path = FirebaseReferenceEnum.swift; sourceTree = "<group>"; };
		B9DD013F297CDBC1007C266D /* Alerts.swift */ = {isa = PBXFileReference; lastKnownFileType = sourcecode.swift; path = Alerts.swift; sourceTree = "<group>"; };
		B9E0F1C82987B1680087A48A /* LikedStudiosViewController.swift */ = {isa = PBXFileReference; lastKnownFileType = sourcecode.swift; path = LikedStudiosViewController.swift; sourceTree = "<group>"; };
		B9E0F1C92987B1680087A48A /* LikedStudiosViewController.xib */ = {isa = PBXFileReference; lastKnownFileType = file.xib; path = LikedStudiosViewController.xib; sourceTree = "<group>"; };
		B9E0F1CC2987B3D70087A48A /* FirebaseLikedStudioModel.swift */ = {isa = PBXFileReference; lastKnownFileType = sourcecode.swift; path = FirebaseLikedStudioModel.swift; sourceTree = "<group>"; };
		B9E0F1CF2988079F0087A48A /* LikedStudioCell.swift */ = {isa = PBXFileReference; lastKnownFileType = sourcecode.swift; path = LikedStudioCell.swift; sourceTree = "<group>"; };
		B9E0F1D02988079F0087A48A /* LikedStudioCell.xib */ = {isa = PBXFileReference; lastKnownFileType = file.xib; path = LikedStudioCell.xib; sourceTree = "<group>"; };
		B9E0F1D629880D3F0087A48A /* GetStudiosApi.swift */ = {isa = PBXFileReference; lastKnownFileType = sourcecode.swift; path = GetStudiosApi.swift; sourceTree = "<group>"; };
		B9EFC27D297F282500FF7291 /* GoogleService-Info.plist */ = {isa = PBXFileReference; fileEncoding = 4; lastKnownFileType = text.plist.xml; path = "GoogleService-Info.plist"; sourceTree = "<group>"; };
		B9F08DA729478CF20059614C /* BookingStudioController.swift */ = {isa = PBXFileReference; lastKnownFileType = sourcecode.swift; path = BookingStudioController.swift; sourceTree = "<group>"; };
		B9F08DA829478CF20059614C /* BookingStudioController.xib */ = {isa = PBXFileReference; lastKnownFileType = file.xib; path = BookingStudioController.xib; sourceTree = "<group>"; };
		B9F08DAC294793890059614C /* FirebaseUserModel.swift */ = {isa = PBXFileReference; lastKnownFileType = sourcecode.swift; path = FirebaseUserModel.swift; sourceTree = "<group>"; };
		B9F08DAF29479CF30059614C /* Environment.swift */ = {isa = PBXFileReference; lastKnownFileType = sourcecode.swift; path = Environment.swift; sourceTree = "<group>"; };
		B9F44DD52994369900A7D5B0 /* BookingStudioControllerTypeEnum.swift */ = {isa = PBXFileReference; lastKnownFileType = sourcecode.swift; path = BookingStudioControllerTypeEnum.swift; sourceTree = "<group>"; };
		B9FA0410295E19A50097DF24 /* FirebaseBookingModel.swift */ = {isa = PBXFileReference; lastKnownFileType = sourcecode.swift; path = FirebaseBookingModel.swift; sourceTree = "<group>"; };
		B9FA0413295E204E0097DF24 /* BookingHistoryController.swift */ = {isa = PBXFileReference; lastKnownFileType = sourcecode.swift; path = BookingHistoryController.swift; sourceTree = "<group>"; };
		B9FA0414295E204E0097DF24 /* BookingHistoryController.xib */ = {isa = PBXFileReference; lastKnownFileType = file.xib; path = BookingHistoryController.xib; sourceTree = "<group>"; };
		B9FA0418295E21590097DF24 /* FirebaseProvider.swift */ = {isa = PBXFileReference; lastKnownFileType = sourcecode.swift; path = FirebaseProvider.swift; sourceTree = "<group>"; };
		B9FA041B295E2AB80097DF24 /* BookingCell.swift */ = {isa = PBXFileReference; lastKnownFileType = sourcecode.swift; path = BookingCell.swift; sourceTree = "<group>"; };
		B9FA041C295E2AB80097DF24 /* BookingCell.xib */ = {isa = PBXFileReference; lastKnownFileType = file.xib; path = BookingCell.xib; sourceTree = "<group>"; };
		B9FA041F295E2FD50097DF24 /* DateFormatter+Extension.swift */ = {isa = PBXFileReference; lastKnownFileType = sourcecode.swift; path = "DateFormatter+Extension.swift"; sourceTree = "<group>"; };
		B9FA0421295E40220097DF24 /* ru */ = {isa = PBXFileReference; lastKnownFileType = text.plist.strings; name = ru; path = ru.lproj/Main.strings; sourceTree = "<group>"; };
		B9FA0422295E40220097DF24 /* ru */ = {isa = PBXFileReference; lastKnownFileType = text.plist.strings; name = ru; path = ru.lproj/LaunchScreen.strings; sourceTree = "<group>"; };
		B9FA0423295E40380097DF24 /* ru */ = {isa = PBXFileReference; lastKnownFileType = file.storyboard; name = ru; path = ru.lproj/Main.storyboard; sourceTree = "<group>"; };
		B9FA0424295E403A0097DF24 /* ru */ = {isa = PBXFileReference; lastKnownFileType = file.storyboard; name = ru; path = ru.lproj/LaunchScreen.storyboard; sourceTree = "<group>"; };
		B9FA042C295E47190097DF24 /* Delegates.swift */ = {isa = PBXFileReference; lastKnownFileType = sourcecode.swift; path = Delegates.swift; sourceTree = "<group>"; };
		B9FA042F295E47520097DF24 /* FlexibleViewTypes.swift */ = {isa = PBXFileReference; lastKnownFileType = sourcecode.swift; path = FlexibleViewTypes.swift; sourceTree = "<group>"; };
		B9FABB06291A5E3500232D9C /* Studios.app */ = {isa = PBXFileReference; explicitFileType = wrapper.application; includeInIndex = 0; path = Studios.app; sourceTree = BUILT_PRODUCTS_DIR; };
		B9FABB09291A5E3500232D9C /* AppDelegate.swift */ = {isa = PBXFileReference; lastKnownFileType = sourcecode.swift; path = AppDelegate.swift; sourceTree = "<group>"; };
		B9FABB0B291A5E3500232D9C /* SceneDelegate.swift */ = {isa = PBXFileReference; lastKnownFileType = sourcecode.swift; path = SceneDelegate.swift; sourceTree = "<group>"; };
		B9FABB0D291A5E3500232D9C /* MapController.swift */ = {isa = PBXFileReference; lastKnownFileType = sourcecode.swift; path = MapController.swift; sourceTree = "<group>"; };
		B9FABB12291A5E3700232D9C /* Assets.xcassets */ = {isa = PBXFileReference; lastKnownFileType = folder.assetcatalog; path = Assets.xcassets; sourceTree = "<group>"; };
		B9FABB17291A5E3700232D9C /* Info.plist */ = {isa = PBXFileReference; lastKnownFileType = text.plist.xml; path = Info.plist; sourceTree = "<group>"; };
		B9FABB5F291B112000232D9C /* SSPLace.swift */ = {isa = PBXFileReference; lastKnownFileType = sourcecode.swift; path = SSPLace.swift; sourceTree = "<group>"; };
		B9FABB6D291BD47C00232D9C /* RealmSwift.swift */ = {isa = PBXFileReference; lastKnownFileType = sourcecode.swift; path = RealmSwift.swift; sourceTree = "<group>"; };
		E343C47D2F5DDB807538EBB0 /* Pods-Studios.release.xcconfig */ = {isa = PBXFileReference; includeInIndex = 1; lastKnownFileType = text.xcconfig; name = "Pods-Studios.release.xcconfig"; path = "Target Support Files/Pods-Studios/Pods-Studios.release.xcconfig"; sourceTree = "<group>"; };
/* End PBXFileReference section */

/* Begin PBXFrameworksBuildPhase section */
		B9FABB03291A5E3500232D9C /* Frameworks */ = {
			isa = PBXFrameworksBuildPhase;
			buildActionMask = 2147483647;
			files = (
				8F7BFC5A2406194B69CB2FA0 /* Pods_Studios.framework in Frameworks */,
				B972AB8E2951D6B30025683F /* SnapKit in Frameworks */,
			);
			runOnlyForDeploymentPostprocessing = 0;
		};
/* End PBXFrameworksBuildPhase section */

/* Begin PBXGroup section */
		4521DA0385E007B3D980EDE1 /* Pods */ = {
			isa = PBXGroup;
			children = (
				5E2CADCA7624B814E168AFB0 /* Pods-Studios.debug.xcconfig */,
				E343C47D2F5DDB807538EBB0 /* Pods-Studios.release.xcconfig */,
			);
			path = Pods;
			sourceTree = "<group>";
		};
		88D5667DF5E5F88AE3D9D99F /* Frameworks */ = {
			isa = PBXGroup;
			children = (
				52318DDE97DFA9543EF9AC75 /* Pods_Studios.framework */,
			);
			name = Frameworks;
			sourceTree = "<group>";
		};
		B90871E429982F6800247729 /* ProfileEditController */ = {
			isa = PBXGroup;
			children = (
				B90871E529982F7F00247729 /* ProfileEditViewController.swift */,
				B90871E629982F7F00247729 /* ProfileEditViewController.xib */,
			);
			path = ProfileEditController;
			sourceTree = "<group>";
		};
		B90D38FC2922B1D800F77AF8 /* StudioInfoController */ = {
			isa = PBXGroup;
			children = (
				B9DD0137297CA91F007C266D /* Controller */,
				B97A7A6F292BE53C0025F310 /* Cell */,
			);
			path = StudioInfoController;
			sourceTree = "<group>";
		};
		B9245A75298BC30A000C5823 /* Enum */ = {
			isa = PBXGroup;
			children = (
				B9245A77298BC31C000C5823 /* CalendarCellTypeEnum.swift */,
			);
			path = Enum;
			sourceTree = "<group>";
		};
		B94008C8299A5ED700172E01 /* ResetPasswordController */ = {
			isa = PBXGroup;
			children = (
				B94008C9299A5EED00172E01 /* ResetPasswordViewController.swift */,
				B94008CA299A5EED00172E01 /* ResetPasswordViewController.xib */,
			);
			path = ResetPasswordController;
			sourceTree = "<group>";
		};
		B94008CF299BB28400172E01 /* FirebaseExtensions */ = {
			isa = PBXGroup;
			children = (
				B94008CD299BB23700172E01 /* AuthErrosCode+FirebaseExtension.swift */,
			);
			path = FirebaseExtensions;
			sourceTree = "<group>";
		};
		B9442C932977DAD600CEDEA6 /* BookingConfirmController */ = {
			isa = PBXGroup;
			children = (
				B9DD0133297CA8DB007C266D /* Controller */,
			);
			path = BookingConfirmController;
			sourceTree = "<group>";
		};
		B949AFE5295433E400025011 /* Extensions */ = {
			isa = PBXGroup;
			children = (
				B94008CF299BB28400172E01 /* FirebaseExtensions */,
				B949AFE6295433F300025011 /* UIView+Extension.swift */,
				B9FA041F295E2FD50097DF24 /* DateFormatter+Extension.swift */,
				B9DD0128297C4BCC007C266D /* String+Extension.swift */,
				B9DD012A297C6870007C266D /* UIImage+Extension.swift */,
				B9DD0130297C97CF007C266D /* UITextField+Extension.swift */,
				B972CBF0297E916D00FBFCFD /* ArrayInt+Extension.swift */,
				B962ABA1299514B20053F1AB /* StringOpt+Extension.swift */,
				B90871E2299824F500247729 /* UIViewController+Extension.swift */,
			);
			path = Extensions;
			sourceTree = "<group>";
		};
		B94D86852997BCF80033F2B4 /* ProfileController */ = {
			isa = PBXGroup;
			children = (
				B94D86862997BD150033F2B4 /* ProfileViewController.swift */,
				B94D86872997BD150033F2B4 /* ProfileViewController.xib */,
			);
			path = ProfileController;
			sourceTree = "<group>";
		};
		B951EBF82975513E0076EB67 /* View */ = {
			isa = PBXGroup;
			children = (
				B951EBF92975514E0076EB67 /* HorizontalCalendar */,
				B9FA0425295E441B0097DF24 /* FlexibleView */,
			);
			path = View;
			sourceTree = "<group>";
		};
		B951EBF92975514E0076EB67 /* HorizontalCalendar */ = {
			isa = PBXGroup;
			children = (
				B9245A75298BC30A000C5823 /* Enum */,
				B951EBFD297551CE0076EB67 /* Xib */,
				B951EBFA297551A60076EB67 /* View */,
			);
			path = HorizontalCalendar;
			sourceTree = "<group>";
		};
		B951EBFA297551A60076EB67 /* View */ = {
			isa = PBXGroup;
			children = (
				B951EC00297553E70076EB67 /* Cell */,
				B951EBFB297551C90076EB67 /* HorizontalCalendar.swift */,
			);
			path = View;
			sourceTree = "<group>";
		};
		B951EBFD297551CE0076EB67 /* Xib */ = {
			isa = PBXGroup;
			children = (
				B951EBFE297551EE0076EB67 /* HorizontalCalendar.xib */,
			);
			path = Xib;
			sourceTree = "<group>";
		};
		B951EC00297553E70076EB67 /* Cell */ = {
			isa = PBXGroup;
			children = (
				B951EC092975A72F0076EB67 /* CalendarCell.swift */,
				B951EC0A2975A72F0076EB67 /* CalendarCell.xib */,
			);
			path = Cell;
			sourceTree = "<group>";
		};
		B9678D95295A2D1E002CFE75 /* hoursCell */ = {
			isa = PBXGroup;
			children = (
				B9678D96295A2D3B002CFE75 /* HoursCell.swift */,
				B9678D97295A2D3B002CFE75 /* HoursCell.xib */,
			);
			path = hoursCell;
			sourceTree = "<group>";
		};
		B972AB852951C5EC0025683F /* TabBarController */ = {
			isa = PBXGroup;
			children = (
				B972AB862951C6170025683F /* TabBarEnum.swift */,
				B972AB882951CCF60025683F /* TabBarController.swift */,
			);
			path = TabBarController;
			sourceTree = "<group>";
		};
		B972CBF2297E97CE00FBFCFD /* Enums */ = {
			isa = PBXGroup;
			children = (
				B9DD012E297C8E84007C266D /* ValidationType.swift */,
				B972CBF3297E97E500FBFCFD /* SelectionTypeEnum.swift */,
				B9F44DD52994369900A7D5B0 /* BookingStudioControllerTypeEnum.swift */,
			);
			path = Enums;
			sourceTree = "<group>";
		};
		B97A7A62292B9B580025F310 /* StudioPhotoCell */ = {
			isa = PBXGroup;
			children = (
				B97A7A63292B9B750025F310 /* PhotoCell.swift */,
				B97A7A64292B9B750025F310 /* PhotoCell.xib */,
			);
			path = StudioPhotoCell;
			sourceTree = "<group>";
		};
		B97A7A67292BAD8B0025F310 /* MapController */ = {
			isa = PBXGroup;
			children = (
				B9DD0138297CA936007C266D /* Controller */,
			);
			path = MapController;
			sourceTree = "<group>";
		};
		B97A7A6F292BE53C0025F310 /* Cell */ = {
			isa = PBXGroup;
			children = (
				B97A7A62292B9B580025F310 /* StudioPhotoCell */,
			);
			path = Cell;
			sourceTree = "<group>";
		};
		B9916B892976AC8000C0A0CF /* SectionHeaders */ = {
			isa = PBXGroup;
			children = (
				B9916B8E2976B57E00C0A0CF /* SectionHeader.swift */,
				B9916B8F2976B57E00C0A0CF /* SectionHeader.xib */,
			);
			path = SectionHeaders;
			sourceTree = "<group>";
		};
		B9A36FC0292CF483009825F9 /* SegmentControllers */ = {
			isa = PBXGroup;
			children = (
				B9A36FC2292CF4CB009825F9 /* ReviewsController */,
				B9A36FC1292CF48C009825F9 /* InfoController */,
			);
			path = SegmentControllers;
			sourceTree = "<group>";
		};
		B9A36FC1292CF48C009825F9 /* InfoController */ = {
			isa = PBXGroup;
			children = (
				B9DD0136297CA90B007C266D /* Controller */,
			);
			path = InfoController;
			sourceTree = "<group>";
		};
		B9A36FC2292CF4CB009825F9 /* ReviewsController */ = {
			isa = PBXGroup;
			children = (
				B9DD0135297CA8FE007C266D /* Controller */,
				B9C63E842933C2BB00754496 /* Cell */,
			);
			path = ReviewsController;
			sourceTree = "<group>";
		};
		B9B43FD8299507A5003A073D /* RegistrationController */ = {
			isa = PBXGroup;
			children = (
				B90871DE2998175900247729 /* RegistrationUserViewController.swift */,
				B90871DF2998175900247729 /* RegistrationUserViewController.xib */,
			);
			path = RegistrationController;
			sourceTree = "<group>";
		};
		B9B43FDD29950DAA003A073D /* LoginController */ = {
			isa = PBXGroup;
			children = (
				B9B43FDE29950DC0003A073D /* LoginViewController.swift */,
				B9B43FDF29950DC0003A073D /* LoginViewController.xib */,
			);
			path = LoginController;
			sourceTree = "<group>";
		};
		B9C63E732933BB9B00754496 /* GooglePlaceAPI */ = {
			isa = PBXGroup;
			children = (
				B9E0F1D529880C940087A48A /* GetStudiosApi */,
				B9E0F1D429880C830087A48A /* StudioReviewApi */,
			);
			path = GooglePlaceAPI;
			sourceTree = "<group>";
		};
		B9C63E842933C2BB00754496 /* Cell */ = {
			isa = PBXGroup;
			children = (
				B9C63E852933C2C600754496 /* ReviewCell.swift */,
				B9C63E862933C2C600754496 /* ReviewCell.xib */,
			);
			path = Cell;
			sourceTree = "<group>";
		};
		B9DD0132297CA8CD007C266D /* Controller */ = {
			isa = PBXGroup;
			children = (
				B9F08DA729478CF20059614C /* BookingStudioController.swift */,
				B9F08DA829478CF20059614C /* BookingStudioController.xib */,
			);
			path = Controller;
			sourceTree = "<group>";
		};
		B9DD0133297CA8DB007C266D /* Controller */ = {
			isa = PBXGroup;
			children = (
				B9442C942977E97A00CEDEA6 /* BookingConfirmController.swift */,
				B9442C952977E97A00CEDEA6 /* BookingConfirmController.xib */,
			);
			path = Controller;
			sourceTree = "<group>";
		};
		B9DD0134297CA8EF007C266D /* Controller */ = {
			isa = PBXGroup;
			children = (
				B9FA0413295E204E0097DF24 /* BookingHistoryController.swift */,
				B9FA0414295E204E0097DF24 /* BookingHistoryController.xib */,
			);
			path = Controller;
			sourceTree = "<group>";
		};
		B9DD0135297CA8FE007C266D /* Controller */ = {
			isa = PBXGroup;
			children = (
				B9C63E7C2933C26C00754496 /* ReviewTableController.swift */,
				B9C63E7D2933C26C00754496 /* ReviewTableController.xib */,
			);
			path = Controller;
			sourceTree = "<group>";
		};
		B9DD0136297CA90B007C266D /* Controller */ = {
			isa = PBXGroup;
			children = (
				B9A36FC3292CF4ED009825F9 /* InfoViewController.swift */,
				B9A36FC4292CF4ED009825F9 /* InfoViewController.xib */,
			);
			path = Controller;
			sourceTree = "<group>";
		};
		B9DD0137297CA91F007C266D /* Controller */ = {
			isa = PBXGroup;
			children = (
				B90D38FD2922B23000F77AF8 /* StudioInfoController.swift */,
				B90D38FE2922B23000F77AF8 /* StudioInfoController.xib */,
			);
			path = Controller;
			sourceTree = "<group>";
		};
		B9DD0138297CA936007C266D /* Controller */ = {
			isa = PBXGroup;
			children = (
				B9FABB0D291A5E3500232D9C /* MapController.swift */,
			);
			path = Controller;
			sourceTree = "<group>";
		};
		B9DD013B297CDAF6007C266D /* FirebaseAPI */ = {
			isa = PBXGroup;
			children = (
				B9FA0418295E21590097DF24 /* FirebaseProvider.swift */,
				B9DD0139297CB7C5007C266D /* FirebaseReferenceEnum.swift */,
			);
			path = FirebaseAPI;
			sourceTree = "<group>";
		};
		B9DD013C297CDB01007C266D /* API's */ = {
			isa = PBXGroup;
			children = (
				B9C63E732933BB9B00754496 /* GooglePlaceAPI */,
				B9DD013B297CDAF6007C266D /* FirebaseAPI */,
			);
			path = "API's";
			sourceTree = "<group>";
		};
		B9DD013D297CDB6B007C266D /* Service */ = {
			isa = PBXGroup;
			children = (
				B958E83729212EA300F2059A /* Service.swift */,
			);
			path = Service;
			sourceTree = "<group>";
		};
		B9DD013E297CDBB1007C266D /* Alerts */ = {
			isa = PBXGroup;
			children = (
				B9DD013F297CDBC1007C266D /* Alerts.swift */,
			);
			path = Alerts;
			sourceTree = "<group>";
		};
		B9E0F1C72987B1380087A48A /* LikedStudiosController */ = {
			isa = PBXGroup;
			children = (
				B9E0F1D3298807B20087A48A /* Controller */,
				B9E0F1CE298807800087A48A /* Cell */,
			);
			path = LikedStudiosController;
			sourceTree = "<group>";
		};
		B9E0F1CE298807800087A48A /* Cell */ = {
			isa = PBXGroup;
			children = (
				B9E0F1CF2988079F0087A48A /* LikedStudioCell.swift */,
				B9E0F1D02988079F0087A48A /* LikedStudioCell.xib */,
			);
			path = Cell;
			sourceTree = "<group>";
		};
		B9E0F1D3298807B20087A48A /* Controller */ = {
			isa = PBXGroup;
			children = (
				B9E0F1C82987B1680087A48A /* LikedStudiosViewController.swift */,
				B9E0F1C92987B1680087A48A /* LikedStudiosViewController.xib */,
			);
			path = Controller;
			sourceTree = "<group>";
		};
		B9E0F1D429880C830087A48A /* StudioReviewApi */ = {
			isa = PBXGroup;
			children = (
				B9C63E762933BC0A00754496 /* StudioReviewAPI.swift */,
				B9C63E782933BED900754496 /* StudioReviewModel.swift */,
				B9C63E7A2933C0D900754496 /* StudioReviewProvider.swift */,
			);
			path = StudioReviewApi;
			sourceTree = "<group>";
		};
		B9E0F1D529880C940087A48A /* GetStudiosApi */ = {
			isa = PBXGroup;
			children = (
				B9E0F1D629880D3F0087A48A /* GetStudiosApi.swift */,
			);
			path = GetStudiosApi;
			sourceTree = "<group>";
		};
		B9F08DA629478C9E0059614C /* BookingStudioController */ = {
			isa = PBXGroup;
			children = (
				B9DD0132297CA8CD007C266D /* Controller */,
				B9916B892976AC8000C0A0CF /* SectionHeaders */,
				B9678D95295A2D1E002CFE75 /* hoursCell */,
			);
			path = BookingStudioController;
			sourceTree = "<group>";
		};
		B9F08DAE29479CDE0059614C /* Protocols */ = {
			isa = PBXGroup;
			children = (
				B9F08DAF29479CF30059614C /* Environment.swift */,
				B9FA042C295E47190097DF24 /* Delegates.swift */,
			);
			path = Protocols;
			sourceTree = "<group>";
		};
		B9FA0412295E20280097DF24 /* BookingHistoryController */ = {
			isa = PBXGroup;
			children = (
				B9DD0134297CA8EF007C266D /* Controller */,
				B9FA041A295E2AAC0097DF24 /* Cell */,
			);
			path = BookingHistoryController;
			sourceTree = "<group>";
		};
		B9FA041A295E2AAC0097DF24 /* Cell */ = {
			isa = PBXGroup;
			children = (
				B9FA041B295E2AB80097DF24 /* BookingCell.swift */,
				B9FA041C295E2AB80097DF24 /* BookingCell.xib */,
			);
			path = Cell;
			sourceTree = "<group>";
		};
		B9FA0425295E441B0097DF24 /* FlexibleView */ = {
			isa = PBXGroup;
			children = (
				B9FA042E295E47440097DF24 /* Types */,
				B9FA0429295E44E50097DF24 /* Xib */,
				B9FA0426295E44B10097DF24 /* View */,
			);
			path = FlexibleView;
			sourceTree = "<group>";
		};
		B9FA0426295E44B10097DF24 /* View */ = {
			isa = PBXGroup;
			children = (
				B99E0D88295E689D00E4204B /* FlexView.swift */,
			);
			path = View;
			sourceTree = "<group>";
		};
		B9FA0429295E44E50097DF24 /* Xib */ = {
			isa = PBXGroup;
			children = (
				B99E0D86295E689300E4204B /* FlexView.xib */,
			);
			path = Xib;
			sourceTree = "<group>";
		};
		B9FA042E295E47440097DF24 /* Types */ = {
			isa = PBXGroup;
			children = (
				B9FA042F295E47520097DF24 /* FlexibleViewTypes.swift */,
			);
			path = Types;
			sourceTree = "<group>";
		};
		B9FABAFD291A5E3500232D9C = {
			isa = PBXGroup;
			children = (
				B9FABB08291A5E3500232D9C /* Studios */,
				B9FABB07291A5E3500232D9C /* Products */,
				4521DA0385E007B3D980EDE1 /* Pods */,
				88D5667DF5E5F88AE3D9D99F /* Frameworks */,
			);
			sourceTree = "<group>";
		};
		B9FABB07291A5E3500232D9C /* Products */ = {
			isa = PBXGroup;
			children = (
				B9FABB06291A5E3500232D9C /* Studios.app */,
			);
			name = Products;
			sourceTree = "<group>";
		};
		B9FABB08291A5E3500232D9C /* Studios */ = {
			isa = PBXGroup;
			children = (
				B972CBF2297E97CE00FBFCFD /* Enums */,
				B9DD013E297CDBB1007C266D /* Alerts */,
				B9DD013C297CDB01007C266D /* API's */,
				B951EBF82975513E0076EB67 /* View */,
				B949AFE5295433E400025011 /* Extensions */,
				B972AB852951C5EC0025683F /* TabBarController */,
				B9F08DAE29479CDE0059614C /* Protocols */,
				B9FABB6C291BD46500232D9C /* Manager */,
				B9FABB63291BBFEE00232D9C /* Controllers */,
				B9FABB5E291B110700232D9C /* Model */,
				B9DD013D297CDB6B007C266D /* Service */,
				B9FABB09291A5E3500232D9C /* AppDelegate.swift */,
				B9FABB0B291A5E3500232D9C /* SceneDelegate.swift */,
				B9FABB0F291A5E3500232D9C /* Main.storyboard */,
				B9FABB12291A5E3700232D9C /* Assets.xcassets */,
				B9FABB14291A5E3700232D9C /* LaunchScreen.storyboard */,
				B9FABB17291A5E3700232D9C /* Info.plist */,
				B9EFC27D297F282500FF7291 /* GoogleService-Info.plist */,
				B9DC2C012941CE22009EEE43 /* TestController.swift */,
				B9DC2C022941CE22009EEE43 /* TestController.xib */,
			);
			path = Studios;
			sourceTree = "<group>";
		};
		B9FABB5E291B110700232D9C /* Model */ = {
			isa = PBXGroup;
			children = (
				B9F08DAC294793890059614C /* FirebaseUserModel.swift */,
				B9FA0410295E19A50097DF24 /* FirebaseBookingModel.swift */,
				B9FABB5F291B112000232D9C /* SSPLace.swift */,
				B9E0F1CC2987B3D70087A48A /* FirebaseLikedStudioModel.swift */,
			);
			path = Model;
			sourceTree = "<group>";
		};
		B9FABB63291BBFEE00232D9C /* Controllers */ = {
			isa = PBXGroup;
			children = (
				B94008C8299A5ED700172E01 /* ResetPasswordController */,
				B90871E429982F6800247729 /* ProfileEditController */,
				B94D86852997BCF80033F2B4 /* ProfileController */,
				B9B43FDD29950DAA003A073D /* LoginController */,
				B9B43FD8299507A5003A073D /* RegistrationController */,
				B9E0F1C72987B1380087A48A /* LikedStudiosController */,
				B97A7A67292BAD8B0025F310 /* MapController */,
				B90D38FC2922B1D800F77AF8 /* StudioInfoController */,
				B9F08DA629478C9E0059614C /* BookingStudioController */,
				B9442C932977DAD600CEDEA6 /* BookingConfirmController */,
				B9FA0412295E20280097DF24 /* BookingHistoryController */,
				B9A36FC0292CF483009825F9 /* SegmentControllers */,
			);
			path = Controllers;
			sourceTree = "<group>";
		};
		B9FABB6C291BD46500232D9C /* Manager */ = {
			isa = PBXGroup;
			children = (
				B9FABB6D291BD47C00232D9C /* RealmSwift.swift */,
			);
			path = Manager;
			sourceTree = "<group>";
		};
/* End PBXGroup section */

/* Begin PBXNativeTarget section */
		B9FABB05291A5E3500232D9C /* Studios */ = {
			isa = PBXNativeTarget;
			buildConfigurationList = B9FABB1A291A5E3700232D9C /* Build configuration list for PBXNativeTarget "Studios" */;
			buildPhases = (
				BA40E043A15BCEC6CC360764 /* [CP] Check Pods Manifest.lock */,
				B9FABB02291A5E3500232D9C /* Sources */,
				B9FABB03291A5E3500232D9C /* Frameworks */,
				B9FABB04291A5E3500232D9C /* Resources */,
				462B615B921A9CB1BE421351 /* [CP] Copy Pods Resources */,
				64AFA71A81402567E0034024 /* [CP] Embed Pods Frameworks */,
			);
			buildRules = (
			);
			dependencies = (
			);
			name = Studios;
			packageProductDependencies = (
				B972AB8D2951D6B30025683F /* SnapKit */,
			);
			productName = Studios;
			productReference = B9FABB06291A5E3500232D9C /* Studios.app */;
			productType = "com.apple.product-type.application";
		};
/* End PBXNativeTarget section */

/* Begin PBXProject section */
		B9FABAFE291A5E3500232D9C /* Project object */ = {
			isa = PBXProject;
			attributes = {
				BuildIndependentTargetsInParallel = 1;
				LastSwiftUpdateCheck = 1400;
				LastUpgradeCheck = 1400;
				TargetAttributes = {
					B9FABB05291A5E3500232D9C = {
						CreatedOnToolsVersion = 14.0;
					};
				};
			};
			buildConfigurationList = B9FABB01291A5E3500232D9C /* Build configuration list for PBXProject "Studios" */;
			compatibilityVersion = "Xcode 14.0";
			developmentRegion = en;
			hasScannedForEncodings = 0;
			knownRegions = (
				en,
				ru,
				Base,
			);
			mainGroup = B9FABAFD291A5E3500232D9C;
			packageReferences = (
				B972AB8C2951D6B30025683F /* XCRemoteSwiftPackageReference "SnapKit" */,
			);
			productRefGroup = B9FABB07291A5E3500232D9C /* Products */;
			projectDirPath = "";
			projectRoot = "";
			targets = (
				B9FABB05291A5E3500232D9C /* Studios */,
			);
		};
/* End PBXProject section */

/* Begin PBXResourcesBuildPhase section */
		B9FABB04291A5E3500232D9C /* Resources */ = {
			isa = PBXResourcesBuildPhase;
			buildActionMask = 2147483647;
			files = (
				B97A7A66292B9B750025F310 /* PhotoCell.xib in Resources */,
				B9C63E882933C2C600754496 /* ReviewCell.xib in Resources */,
				B9F08DAA29478CF20059614C /* BookingStudioController.xib in Resources */,
				B9E0F1CB2987B1680087A48A /* LikedStudiosViewController.xib in Resources */,
				B90871E829982F7F00247729 /* ProfileEditViewController.xib in Resources */,
				B90871E12998175900247729 /* RegistrationUserViewController.xib in Resources */,
				B9DC2C042941CE22009EEE43 /* TestController.xib in Resources */,
				B9FABB16291A5E3700232D9C /* LaunchScreen.storyboard in Resources */,
				B90D39002922B23000F77AF8 /* StudioInfoController.xib in Resources */,
				B9442C972977E97A00CEDEA6 /* BookingConfirmController.xib in Resources */,
				B9916B912976B57E00C0A0CF /* SectionHeader.xib in Resources */,
				B9FA0416295E204E0097DF24 /* BookingHistoryController.xib in Resources */,
				B9FA041E295E2AB80097DF24 /* BookingCell.xib in Resources */,
				B9E0F1D22988079F0087A48A /* LikedStudioCell.xib in Resources */,
				B9EFC27E297F282500FF7291 /* GoogleService-Info.plist in Resources */,
				B951EBFF297551EE0076EB67 /* HorizontalCalendar.xib in Resources */,
				B9B43FE129950DC0003A073D /* LoginViewController.xib in Resources */,
				B9678D99295A2D3B002CFE75 /* HoursCell.xib in Resources */,
				B951EC0C2975A72F0076EB67 /* CalendarCell.xib in Resources */,
				B94D86892997BD150033F2B4 /* ProfileViewController.xib in Resources */,
				B9FABB13291A5E3700232D9C /* Assets.xcassets in Resources */,
				B9A36FC6292CF4ED009825F9 /* InfoViewController.xib in Resources */,
				B9C63E7F2933C26C00754496 /* ReviewTableController.xib in Resources */,
				B94008CC299A5EED00172E01 /* ResetPasswordViewController.xib in Resources */,
				B9FABB11291A5E3500232D9C /* Main.storyboard in Resources */,
				B99E0D87295E689300E4204B /* FlexView.xib in Resources */,
			);
			runOnlyForDeploymentPostprocessing = 0;
		};
/* End PBXResourcesBuildPhase section */

/* Begin PBXShellScriptBuildPhase section */
		462B615B921A9CB1BE421351 /* [CP] Copy Pods Resources */ = {
			isa = PBXShellScriptBuildPhase;
			buildActionMask = 2147483647;
			files = (
			);
			inputFileListPaths = (
				"${PODS_ROOT}/Target Support Files/Pods-Studios/Pods-Studios-resources-${CONFIGURATION}-input-files.xcfilelist",
			);
			name = "[CP] Copy Pods Resources";
			outputFileListPaths = (
				"${PODS_ROOT}/Target Support Files/Pods-Studios/Pods-Studios-resources-${CONFIGURATION}-output-files.xcfilelist",
			);
			runOnlyForDeploymentPostprocessing = 0;
			shellPath = /bin/sh;
			shellScript = "\"${PODS_ROOT}/Target Support Files/Pods-Studios/Pods-Studios-resources.sh\"\n";
			showEnvVarsInLog = 0;
		};
		64AFA71A81402567E0034024 /* [CP] Embed Pods Frameworks */ = {
			isa = PBXShellScriptBuildPhase;
			buildActionMask = 2147483647;
			files = (
			);
			inputFileListPaths = (
				"${PODS_ROOT}/Target Support Files/Pods-Studios/Pods-Studios-frameworks-${CONFIGURATION}-input-files.xcfilelist",
			);
			name = "[CP] Embed Pods Frameworks";
			outputFileListPaths = (
				"${PODS_ROOT}/Target Support Files/Pods-Studios/Pods-Studios-frameworks-${CONFIGURATION}-output-files.xcfilelist",
			);
			runOnlyForDeploymentPostprocessing = 0;
			shellPath = /bin/sh;
			shellScript = "\"${PODS_ROOT}/Target Support Files/Pods-Studios/Pods-Studios-frameworks.sh\"\n";
			showEnvVarsInLog = 0;
		};
		BA40E043A15BCEC6CC360764 /* [CP] Check Pods Manifest.lock */ = {
			isa = PBXShellScriptBuildPhase;
			buildActionMask = 2147483647;
			files = (
			);
			inputFileListPaths = (
			);
			inputPaths = (
				"${PODS_PODFILE_DIR_PATH}/Podfile.lock",
				"${PODS_ROOT}/Manifest.lock",
			);
			name = "[CP] Check Pods Manifest.lock";
			outputFileListPaths = (
			);
			outputPaths = (
				"$(DERIVED_FILE_DIR)/Pods-Studios-checkManifestLockResult.txt",
			);
			runOnlyForDeploymentPostprocessing = 0;
			shellPath = /bin/sh;
			shellScript = "diff \"${PODS_PODFILE_DIR_PATH}/Podfile.lock\" \"${PODS_ROOT}/Manifest.lock\" > /dev/null\nif [ $? != 0 ] ; then\n    # print error to STDERR\n    echo \"error: The sandbox is not in sync with the Podfile.lock. Run 'pod install' or update your CocoaPods installation.\" >&2\n    exit 1\nfi\n# This output is used by Xcode 'outputs' to avoid re-running this script phase.\necho \"SUCCESS\" > \"${SCRIPT_OUTPUT_FILE_0}\"\n";
			showEnvVarsInLog = 0;
		};
/* End PBXShellScriptBuildPhase section */

/* Begin PBXSourcesBuildPhase section */
		B9FABB02291A5E3500232D9C /* Sources */ = {
			isa = PBXSourcesBuildPhase;
			buildActionMask = 2147483647;
			files = (
				B9442C962977E97A00CEDEA6 /* BookingConfirmController.swift in Sources */,
				B9FA0411295E19A50097DF24 /* FirebaseBookingModel.swift in Sources */,
				B97A7A65292B9B750025F310 /* PhotoCell.swift in Sources */,
				B9F08DA929478CF20059614C /* BookingStudioController.swift in Sources */,
				B9C63E872933C2C600754496 /* ReviewCell.swift in Sources */,
				B9678D98295A2D3B002CFE75 /* HoursCell.swift in Sources */,
				B9FABB60291B112000232D9C /* SSPLace.swift in Sources */,
				B9FABB0E291A5E3500232D9C /* MapController.swift in Sources */,
				B9F44DD62994369900A7D5B0 /* BookingStudioControllerTypeEnum.swift in Sources */,
				B9DD0131297C97CF007C266D /* UITextField+Extension.swift in Sources */,
				B94D86882997BD150033F2B4 /* ProfileViewController.swift in Sources */,
				B9FABB0A291A5E3500232D9C /* AppDelegate.swift in Sources */,
				B9F08DB029479CF30059614C /* Environment.swift in Sources */,
				B99E0D89295E689D00E4204B /* FlexView.swift in Sources */,
				B9916B902976B57E00C0A0CF /* SectionHeader.swift in Sources */,
				B9FABB0C291A5E3500232D9C /* SceneDelegate.swift in Sources */,
				B9E0F1D729880D3F0087A48A /* GetStudiosApi.swift in Sources */,
				B9DD0129297C4BCC007C266D /* String+Extension.swift in Sources */,
				B9DD0140297CDBC1007C266D /* Alerts.swift in Sources */,
				B9F08DAD294793890059614C /* FirebaseUserModel.swift in Sources */,
				B972CBF4297E97E500FBFCFD /* SelectionTypeEnum.swift in Sources */,
				B9FA041D295E2AB80097DF24 /* BookingCell.swift in Sources */,
				B9E0F1CA2987B1680087A48A /* LikedStudiosViewController.swift in Sources */,
				B9FA042D295E47190097DF24 /* Delegates.swift in Sources */,
				B9DD012F297C8E84007C266D /* ValidationType.swift in Sources */,
				B9A36FC5292CF4ED009825F9 /* InfoViewController.swift in Sources */,
				B972CBF1297E916D00FBFCFD /* ArrayInt+Extension.swift in Sources */,
				B9FA0415295E204E0097DF24 /* BookingHistoryController.swift in Sources */,
				B90871E729982F7F00247729 /* ProfileEditViewController.swift in Sources */,
				B9DD013A297CB7C5007C266D /* FirebaseReferenceEnum.swift in Sources */,
				B9FA0430295E47520097DF24 /* FlexibleViewTypes.swift in Sources */,
				B972AB872951C6170025683F /* TabBarEnum.swift in Sources */,
				B972AB892951CCF60025683F /* TabBarController.swift in Sources */,
				B9E0F1CD2987B3D70087A48A /* FirebaseLikedStudioModel.swift in Sources */,
				B90D38FF2922B23000F77AF8 /* StudioInfoController.swift in Sources */,
				B9DC2C032941CE22009EEE43 /* TestController.swift in Sources */,
				B951EBFC297551C90076EB67 /* HorizontalCalendar.swift in Sources */,
				B962ABA2299514B20053F1AB /* StringOpt+Extension.swift in Sources */,
				B9E0F1D12988079F0087A48A /* LikedStudioCell.swift in Sources */,
				B9245A78298BC31C000C5823 /* CalendarCellTypeEnum.swift in Sources */,
				B94008CE299BB23700172E01 /* AuthErrosCode+FirebaseExtension.swift in Sources */,
				B9FA0420295E2FD50097DF24 /* DateFormatter+Extension.swift in Sources */,
				B9B43FE029950DC0003A073D /* LoginViewController.swift in Sources */,
				B9C63E772933BC0A00754496 /* StudioReviewAPI.swift in Sources */,
				B9C63E7E2933C26C00754496 /* ReviewTableController.swift in Sources */,
				B90871E02998175900247729 /* RegistrationUserViewController.swift in Sources */,
				B958E83829212EA400F2059A /* Service.swift in Sources */,
				B9DD012B297C6870007C266D /* UIImage+Extension.swift in Sources */,
				B94008CB299A5EED00172E01 /* ResetPasswordViewController.swift in Sources */,
				B949AFE7295433F300025011 /* UIView+Extension.swift in Sources */,
				B9C63E7B2933C0D900754496 /* StudioReviewProvider.swift in Sources */,
				B9FA0419295E21590097DF24 /* FirebaseProvider.swift in Sources */,
				B90871E3299824F500247729 /* UIViewController+Extension.swift in Sources */,
				B9FABB6E291BD47C00232D9C /* RealmSwift.swift in Sources */,
				B951EC0B2975A72F0076EB67 /* CalendarCell.swift in Sources */,
				B9C63E792933BED900754496 /* StudioReviewModel.swift in Sources */,
			);
			runOnlyForDeploymentPostprocessing = 0;
		};
/* End PBXSourcesBuildPhase section */

/* Begin PBXVariantGroup section */
		B9FABB0F291A5E3500232D9C /* Main.storyboard */ = {
			isa = PBXVariantGroup;
			children = (
				B9FA0421295E40220097DF24 /* ru */,
				B9FA0423295E40380097DF24 /* ru */,
			);
			name = Main.storyboard;
			sourceTree = "<group>";
		};
		B9FABB14291A5E3700232D9C /* LaunchScreen.storyboard */ = {
			isa = PBXVariantGroup;
			children = (
				B9FA0422295E40220097DF24 /* ru */,
				B9FA0424295E403A0097DF24 /* ru */,
			);
			name = LaunchScreen.storyboard;
			sourceTree = "<group>";
		};
/* End PBXVariantGroup section */

/* Begin XCBuildConfiguration section */
		B9FABB18291A5E3700232D9C /* Debug */ = {
			isa = XCBuildConfiguration;
			buildSettings = {
				ALWAYS_SEARCH_USER_PATHS = NO;
				CLANG_ANALYZER_LOCALIZABILITY_NONLOCALIZED = YES;
				CLANG_ANALYZER_NONNULL = YES;
				CLANG_ANALYZER_NUMBER_OBJECT_CONVERSION = YES_AGGRESSIVE;
				CLANG_CXX_LANGUAGE_STANDARD = "gnu++20";
				CLANG_ENABLE_MODULES = YES;
				CLANG_ENABLE_OBJC_ARC = YES;
				CLANG_ENABLE_OBJC_WEAK = YES;
				CLANG_WARN_BLOCK_CAPTURE_AUTORELEASING = YES;
				CLANG_WARN_BOOL_CONVERSION = YES;
				CLANG_WARN_COMMA = YES;
				CLANG_WARN_CONSTANT_CONVERSION = YES;
				CLANG_WARN_DEPRECATED_OBJC_IMPLEMENTATIONS = YES;
				CLANG_WARN_DIRECT_OBJC_ISA_USAGE = YES_ERROR;
				CLANG_WARN_DOCUMENTATION_COMMENTS = YES;
				CLANG_WARN_EMPTY_BODY = YES;
				CLANG_WARN_ENUM_CONVERSION = YES;
				CLANG_WARN_INFINITE_RECURSION = YES;
				CLANG_WARN_INT_CONVERSION = YES;
				CLANG_WARN_NON_LITERAL_NULL_CONVERSION = YES;
				CLANG_WARN_OBJC_IMPLICIT_RETAIN_SELF = YES;
				CLANG_WARN_OBJC_LITERAL_CONVERSION = YES;
				CLANG_WARN_OBJC_ROOT_CLASS = YES_ERROR;
				CLANG_WARN_QUOTED_INCLUDE_IN_FRAMEWORK_HEADER = YES;
				CLANG_WARN_RANGE_LOOP_ANALYSIS = YES;
				CLANG_WARN_STRICT_PROTOTYPES = YES;
				CLANG_WARN_SUSPICIOUS_MOVE = YES;
				CLANG_WARN_UNGUARDED_AVAILABILITY = YES_AGGRESSIVE;
				CLANG_WARN_UNREACHABLE_CODE = YES;
				CLANG_WARN__DUPLICATE_METHOD_MATCH = YES;
				COPY_PHASE_STRIP = NO;
				DEBUG_INFORMATION_FORMAT = dwarf;
				ENABLE_STRICT_OBJC_MSGSEND = YES;
				ENABLE_TESTABILITY = YES;
				GCC_C_LANGUAGE_STANDARD = gnu11;
				GCC_DYNAMIC_NO_PIC = NO;
				GCC_NO_COMMON_BLOCKS = YES;
				GCC_OPTIMIZATION_LEVEL = 0;
				GCC_PREPROCESSOR_DEFINITIONS = (
					"DEBUG=1",
					"$(inherited)",
				);
				GCC_WARN_64_TO_32_BIT_CONVERSION = YES;
				GCC_WARN_ABOUT_RETURN_TYPE = YES_ERROR;
				GCC_WARN_UNDECLARED_SELECTOR = YES;
				GCC_WARN_UNINITIALIZED_AUTOS = YES_AGGRESSIVE;
				GCC_WARN_UNUSED_FUNCTION = YES;
				GCC_WARN_UNUSED_VARIABLE = YES;
				IPHONEOS_DEPLOYMENT_TARGET = 16.0;
				MTL_ENABLE_DEBUG_INFO = INCLUDE_SOURCE;
				MTL_FAST_MATH = YES;
				ONLY_ACTIVE_ARCH = YES;
				SDKROOT = iphoneos;
				SWIFT_ACTIVE_COMPILATION_CONDITIONS = DEBUG;
				SWIFT_OPTIMIZATION_LEVEL = "-Onone";
			};
			name = Debug;
		};
		B9FABB19291A5E3700232D9C /* Release */ = {
			isa = XCBuildConfiguration;
			buildSettings = {
				ALWAYS_SEARCH_USER_PATHS = NO;
				CLANG_ANALYZER_LOCALIZABILITY_NONLOCALIZED = YES;
				CLANG_ANALYZER_NONNULL = YES;
				CLANG_ANALYZER_NUMBER_OBJECT_CONVERSION = YES_AGGRESSIVE;
				CLANG_CXX_LANGUAGE_STANDARD = "gnu++20";
				CLANG_ENABLE_MODULES = YES;
				CLANG_ENABLE_OBJC_ARC = YES;
				CLANG_ENABLE_OBJC_WEAK = YES;
				CLANG_WARN_BLOCK_CAPTURE_AUTORELEASING = YES;
				CLANG_WARN_BOOL_CONVERSION = YES;
				CLANG_WARN_COMMA = YES;
				CLANG_WARN_CONSTANT_CONVERSION = YES;
				CLANG_WARN_DEPRECATED_OBJC_IMPLEMENTATIONS = YES;
				CLANG_WARN_DIRECT_OBJC_ISA_USAGE = YES_ERROR;
				CLANG_WARN_DOCUMENTATION_COMMENTS = YES;
				CLANG_WARN_EMPTY_BODY = YES;
				CLANG_WARN_ENUM_CONVERSION = YES;
				CLANG_WARN_INFINITE_RECURSION = YES;
				CLANG_WARN_INT_CONVERSION = YES;
				CLANG_WARN_NON_LITERAL_NULL_CONVERSION = YES;
				CLANG_WARN_OBJC_IMPLICIT_RETAIN_SELF = YES;
				CLANG_WARN_OBJC_LITERAL_CONVERSION = YES;
				CLANG_WARN_OBJC_ROOT_CLASS = YES_ERROR;
				CLANG_WARN_QUOTED_INCLUDE_IN_FRAMEWORK_HEADER = YES;
				CLANG_WARN_RANGE_LOOP_ANALYSIS = YES;
				CLANG_WARN_STRICT_PROTOTYPES = YES;
				CLANG_WARN_SUSPICIOUS_MOVE = YES;
				CLANG_WARN_UNGUARDED_AVAILABILITY = YES_AGGRESSIVE;
				CLANG_WARN_UNREACHABLE_CODE = YES;
				CLANG_WARN__DUPLICATE_METHOD_MATCH = YES;
				COPY_PHASE_STRIP = NO;
				DEBUG_INFORMATION_FORMAT = "dwarf-with-dsym";
				ENABLE_NS_ASSERTIONS = NO;
				ENABLE_STRICT_OBJC_MSGSEND = YES;
				GCC_C_LANGUAGE_STANDARD = gnu11;
				GCC_NO_COMMON_BLOCKS = YES;
				GCC_WARN_64_TO_32_BIT_CONVERSION = YES;
				GCC_WARN_ABOUT_RETURN_TYPE = YES_ERROR;
				GCC_WARN_UNDECLARED_SELECTOR = YES;
				GCC_WARN_UNINITIALIZED_AUTOS = YES_AGGRESSIVE;
				GCC_WARN_UNUSED_FUNCTION = YES;
				GCC_WARN_UNUSED_VARIABLE = YES;
				IPHONEOS_DEPLOYMENT_TARGET = 16.0;
				MTL_ENABLE_DEBUG_INFO = NO;
				MTL_FAST_MATH = YES;
				SDKROOT = iphoneos;
				SWIFT_COMPILATION_MODE = wholemodule;
				SWIFT_OPTIMIZATION_LEVEL = "-O";
				VALIDATE_PRODUCT = YES;
			};
			name = Release;
		};
		B9FABB1B291A5E3700232D9C /* Debug */ = {
			isa = XCBuildConfiguration;
			baseConfigurationReference = 5E2CADCA7624B814E168AFB0 /* Pods-Studios.debug.xcconfig */;
			buildSettings = {
				ASSETCATALOG_COMPILER_APPICON_NAME = AppIcon;
				ASSETCATALOG_COMPILER_GLOBAL_ACCENT_COLOR_NAME = AccentColor;
				CODE_SIGN_STYLE = Automatic;
				CURRENT_PROJECT_VERSION = 1;
				DEVELOPMENT_TEAM = G264CBHMU9;
				GENERATE_INFOPLIST_FILE = YES;
				INFOPLIST_FILE = Studios/Info.plist;
				INFOPLIST_KEY_NSLocalNetworkUsageDescription = "Give me your address";
				INFOPLIST_KEY_NSLocationAlwaysAndWhenInUseUsageDescription = "Give me your address";
				INFOPLIST_KEY_NSLocationAlwaysUsageDescription = "Give me your address";
				INFOPLIST_KEY_NSLocationWhenInUseUsageDescription = "Give me your address";
				INFOPLIST_KEY_UIApplicationSupportsIndirectInputEvents = YES;
				INFOPLIST_KEY_UILaunchStoryboardName = LaunchScreen;
				INFOPLIST_KEY_UIMainStoryboardFile = Main;
				INFOPLIST_KEY_UISupportedInterfaceOrientations = UIInterfaceOrientationPortrait;
				INFOPLIST_KEY_UISupportedInterfaceOrientations_iPad = "UIInterfaceOrientationPortrait UIInterfaceOrientationPortraitUpsideDown";
				LD_RUNPATH_SEARCH_PATHS = (
					"$(inherited)",
					"@executable_path/Frameworks",
				);
				MARKETING_VERSION = 1.0;
				PRODUCT_BUNDLE_IDENTIFIER = Courses.Studios;
				PRODUCT_NAME = "$(TARGET_NAME)";
				SUPPORTED_PLATFORMS = "iphoneos iphonesimulator";
				SUPPORTS_MACCATALYST = NO;
				SUPPORTS_MAC_DESIGNED_FOR_IPHONE_IPAD = NO;
				SWIFT_EMIT_LOC_STRINGS = YES;
				SWIFT_VERSION = 5.0;
				TARGETED_DEVICE_FAMILY = 1;
			};
			name = Debug;
		};
		B9FABB1C291A5E3700232D9C /* Release */ = {
			isa = XCBuildConfiguration;
			baseConfigurationReference = E343C47D2F5DDB807538EBB0 /* Pods-Studios.release.xcconfig */;
			buildSettings = {
				ASSETCATALOG_COMPILER_APPICON_NAME = AppIcon;
				ASSETCATALOG_COMPILER_GLOBAL_ACCENT_COLOR_NAME = AccentColor;
				CODE_SIGN_STYLE = Automatic;
				CURRENT_PROJECT_VERSION = 1;
				DEVELOPMENT_TEAM = G264CBHMU9;
				GENERATE_INFOPLIST_FILE = YES;
				INFOPLIST_FILE = Studios/Info.plist;
				INFOPLIST_KEY_NSLocalNetworkUsageDescription = "Give me your address";
				INFOPLIST_KEY_NSLocationAlwaysAndWhenInUseUsageDescription = "Give me your address";
				INFOPLIST_KEY_NSLocationAlwaysUsageDescription = "Give me your address";
				INFOPLIST_KEY_NSLocationWhenInUseUsageDescription = "Give me your address";
				INFOPLIST_KEY_UIApplicationSupportsIndirectInputEvents = YES;
				INFOPLIST_KEY_UILaunchStoryboardName = LaunchScreen;
				INFOPLIST_KEY_UIMainStoryboardFile = Main;
				INFOPLIST_KEY_UISupportedInterfaceOrientations = UIInterfaceOrientationPortrait;
				INFOPLIST_KEY_UISupportedInterfaceOrientations_iPad = "UIInterfaceOrientationPortrait UIInterfaceOrientationPortraitUpsideDown";
				LD_RUNPATH_SEARCH_PATHS = (
					"$(inherited)",
					"@executable_path/Frameworks",
				);
				MARKETING_VERSION = 1.0;
				PRODUCT_BUNDLE_IDENTIFIER = Courses.Studios;
				PRODUCT_NAME = "$(TARGET_NAME)";
				SUPPORTED_PLATFORMS = "iphoneos iphonesimulator";
				SUPPORTS_MACCATALYST = NO;
				SUPPORTS_MAC_DESIGNED_FOR_IPHONE_IPAD = NO;
				SWIFT_EMIT_LOC_STRINGS = YES;
				SWIFT_VERSION = 5.0;
				TARGETED_DEVICE_FAMILY = 1;
			};
			name = Release;
		};
/* End XCBuildConfiguration section */

/* Begin XCConfigurationList section */
		B9FABB01291A5E3500232D9C /* Build configuration list for PBXProject "Studios" */ = {
			isa = XCConfigurationList;
			buildConfigurations = (
				B9FABB18291A5E3700232D9C /* Debug */,
				B9FABB19291A5E3700232D9C /* Release */,
			);
			defaultConfigurationIsVisible = 0;
			defaultConfigurationName = Release;
		};
		B9FABB1A291A5E3700232D9C /* Build configuration list for PBXNativeTarget "Studios" */ = {
			isa = XCConfigurationList;
			buildConfigurations = (
				B9FABB1B291A5E3700232D9C /* Debug */,
				B9FABB1C291A5E3700232D9C /* Release */,
			);
			defaultConfigurationIsVisible = 0;
			defaultConfigurationName = Release;
		};
/* End XCConfigurationList section */

/* Begin XCRemoteSwiftPackageReference section */
		B972AB8C2951D6B30025683F /* XCRemoteSwiftPackageReference "SnapKit" */ = {
			isa = XCRemoteSwiftPackageReference;
			repositoryURL = "https://github.com/SnapKit/SnapKit";
			requirement = {
				branch = develop;
				kind = branch;
			};
		};
/* End XCRemoteSwiftPackageReference section */

/* Begin XCSwiftPackageProductDependency section */
		B972AB8D2951D6B30025683F /* SnapKit */ = {
			isa = XCSwiftPackageProductDependency;
			package = B972AB8C2951D6B30025683F /* XCRemoteSwiftPackageReference "SnapKit" */;
			productName = SnapKit;
		};
/* End XCSwiftPackageProductDependency section */
	};
	rootObject = B9FABAFE291A5E3500232D9C /* Project object */;
}
